
Microsoft Visual Studio Solution File, Format Version 12.00
# Visual Studio Version 16
VisualStudioVersion = 25.0.1706.5
MinimumVisualStudioVersion = 10.0.40219.1
Project("{FAE04EC0-301F-11D3-BF4B-00C04F79EFBC}") = "CRUDAppUsingASPCoreWebAPI", "CRUDAppUsingASPCoreWebAPI\CRUDAppUsingASPCoreWebAPI.csproj", "{A66BC30E-4A1B-4876-B9D7-906CE0FCAFA2}"
EndProject
Global
	GlobalSection(SolutionConfigurationPlatforms) = preSolution
		Debug|Any CPU = Debug|Any CPU
		Release|Any CPU = Release|Any CPU
	EndGlobalSection
	GlobalSection(ProjectConfigurationPlatforms) = postSolution
		{A66BC30E-4A1B-4876-B9D7-906CE0FCAFA2}.Debug|Any CPU.ActiveCfg = Debug|Any CPU
		{A66BC30E-4A1B-4876-B9D7-906CE0FCAFA2}.Debug|Any CPU.Build.0 = Debug|Any CPU
		{A66BC30E-4A1B-4876-B9D7-906CE0FCAFA2}.Release|Any CPU.ActiveCfg = Release|Any CPU
		{A66BC30E-4A1B-4876-B9D7-906CE0FCAFA2}.Release|Any CPU.Build.0 = Release|Any CPU
	EndGlobalSection
	GlobalSection(SolutionProperties) = preSolution
		HideSolutionNode = FALSE
	EndGlobalSection
	GlobalSection(ExtensibilityGlobals) = postSolution
		SolutionGuid = {D675CADC-13D6-4F2F-854D-29CDD912B83A}
	EndGlobalSection
EndGlobal
